
Microsoft Visual Studio Solution File, Format Version 12.00
# Visual Studio Version 16
VisualStudioVersion = 16.0.29209.62
MinimumVisualStudioVersion = 10.0.40219.1
Project("{FAE04EC0-301F-11D3-BF4B-00C04F79EFBC}") = "UploadRpt", "UploadRpt\UploadRpt.csproj", "{6B9BF35A-6D9C-4A32-9C8E-D807CA2507D0}"
EndProject
Project("{FAE04EC0-301F-11D3-BF4B-00C04F79EFBC}") = "CapaDatoRpt", "capaDato\CapaDatoRpt.csproj", "{EBC9FE30-64A2-45BC-991A-3D6EF8B6C4A9}"
EndProject
Project("{FAE04EC0-301F-11D3-BF4B-00C04F79EFBC}") = "CapaControlRpt", "CapaControl\CapaControlRpt.csproj", "{3D6BC2FF-AE19-4A40-9DE3-F7571777A063}"
EndProject
Project("{FAE04EC0-301F-11D3-BF4B-00C04F79EFBC}") = "CapaDisenoRpt", "CapaDiseno\CapaDisenoRpt.csproj", "{0EAE89FD-467E-4270-8AE7-7A0D7F43ABCA}"
EndProject
Project("{FAE04EC0-301F-11D3-BF4B-00C04F79EFBC}") = "ManejoArchivo", "ManejoArchivo\ManejoArchivo.csproj", "{6E68D095-94C0-43DE-9C0F-578B871788EE}"
EndProject
Global
	GlobalSection(SolutionConfigurationPlatforms) = preSolution
		Debug|Any CPU = Debug|Any CPU
		Release|Any CPU = Release|Any CPU
	EndGlobalSection
	GlobalSection(ProjectConfigurationPlatforms) = postSolution
		{6B9BF35A-6D9C-4A32-9C8E-D807CA2507D0}.Debug|Any CPU.ActiveCfg = Debug|Any CPU
		{6B9BF35A-6D9C-4A32-9C8E-D807CA2507D0}.Debug|Any CPU.Build.0 = Debug|Any CPU
		{6B9BF35A-6D9C-4A32-9C8E-D807CA2507D0}.Release|Any CPU.ActiveCfg = Release|Any CPU
		{6B9BF35A-6D9C-4A32-9C8E-D807CA2507D0}.Release|Any CPU.Build.0 = Release|Any CPU
		{EBC9FE30-64A2-45BC-991A-3D6EF8B6C4A9}.Debug|Any CPU.ActiveCfg = Debug|Any CPU
		{EBC9FE30-64A2-45BC-991A-3D6EF8B6C4A9}.Debug|Any CPU.Build.0 = Debug|Any CPU
		{EBC9FE30-64A2-45BC-991A-3D6EF8B6C4A9}.Release|Any CPU.ActiveCfg = Release|Any CPU
		{EBC9FE30-64A2-45BC-991A-3D6EF8B6C4A9}.Release|Any CPU.Build.0 = Release|Any CPU
		{3D6BC2FF-AE19-4A40-9DE3-F7571777A063}.Debug|Any CPU.ActiveCfg = Debug|Any CPU
		{3D6BC2FF-AE19-4A40-9DE3-F7571777A063}.Debug|Any CPU.Build.0 = Debug|Any CPU
		{3D6BC2FF-AE19-4A40-9DE3-F7571777A063}.Release|Any CPU.ActiveCfg = Release|Any CPU
		{3D6BC2FF-AE19-4A40-9DE3-F7571777A063}.Release|Any CPU.Build.0 = Release|Any CPU
		{0EAE89FD-467E-4270-8AE7-7A0D7F43ABCA}.Debug|Any CPU.ActiveCfg = Debug|Any CPU
		{0EAE89FD-467E-4270-8AE7-7A0D7F43ABCA}.Debug|Any CPU.Build.0 = Debug|Any CPU
		{0EAE89FD-467E-4270-8AE7-7A0D7F43ABCA}.Release|Any CPU.ActiveCfg = Release|Any CPU
		{0EAE89FD-467E-4270-8AE7-7A0D7F43ABCA}.Release|Any CPU.Build.0 = Release|Any CPU
		{6E68D095-94C0-43DE-9C0F-578B871788EE}.Debug|Any CPU.ActiveCfg = Debug|Any CPU
		{6E68D095-94C0-43DE-9C0F-578B871788EE}.Debug|Any CPU.Build.0 = Debug|Any CPU
		{6E68D095-94C0-43DE-9C0F-578B871788EE}.Release|Any CPU.ActiveCfg = Release|Any CPU
		{6E68D095-94C0-43DE-9C0F-578B871788EE}.Release|Any CPU.Build.0 = Release|Any CPU
	EndGlobalSection
	GlobalSection(SolutionProperties) = preSolution
		HideSolutionNode = FALSE
	EndGlobalSection
	GlobalSection(ExtensibilityGlobals) = postSolution
		SolutionGuid = {AD2521DE-D345-4BE7-9034-EEC37B2AC79C}
	EndGlobalSection
EndGlobal
